
Microsoft Visual Studio Solution File, Format Version 12.00
# Visual Studio Version 16
VisualStudioVersion = 16.0.31019.35
MinimumVisualStudioVersion = 10.0.40219.1
Project("{FAE04EC0-301F-11D3-BF4B-00C04F79EFBC}") = "SistemaDeTransitoMunicipal", "SistemaDeTransitoMunicipal\SistemaDeTransitoMunicipal.csproj", "{0B383533-1D2C-42A2-ACB9-0D9B352C45A4}"
EndProject
Project("{FAE04EC0-301F-11D3-BF4B-00C04F79EFBC}") = "DireccionGeneralDeTránsito", "DireccionGeneralDeTránsito\DireccionGeneralDeTránsito.csproj", "{19CBCC4A-5F8A-4F2B-9A92-05F9FF3382C1}"
EndProject
Global
	GlobalSection(SolutionConfigurationPlatforms) = preSolution
		Debug|Any CPU = Debug|Any CPU
		Release|Any CPU = Release|Any CPU
	EndGlobalSection
	GlobalSection(ProjectConfigurationPlatforms) = postSolution
		{0B383533-1D2C-42A2-ACB9-0D9B352C45A4}.Debug|Any CPU.ActiveCfg = Debug|Any CPU
		{0B383533-1D2C-42A2-ACB9-0D9B352C45A4}.Debug|Any CPU.Build.0 = Debug|Any CPU
		{0B383533-1D2C-42A2-ACB9-0D9B352C45A4}.Release|Any CPU.ActiveCfg = Release|Any CPU
		{0B383533-1D2C-42A2-ACB9-0D9B352C45A4}.Release|Any CPU.Build.0 = Release|Any CPU
		{19CBCC4A-5F8A-4F2B-9A92-05F9FF3382C1}.Debug|Any CPU.ActiveCfg = Debug|Any CPU
		{19CBCC4A-5F8A-4F2B-9A92-05F9FF3382C1}.Debug|Any CPU.Build.0 = Debug|Any CPU
		{19CBCC4A-5F8A-4F2B-9A92-05F9FF3382C1}.Release|Any CPU.ActiveCfg = Release|Any CPU
		{19CBCC4A-5F8A-4F2B-9A92-05F9FF3382C1}.Release|Any CPU.Build.0 = Release|Any CPU
	EndGlobalSection
	GlobalSection(SolutionProperties) = preSolution
		HideSolutionNode = FALSE
	EndGlobalSection
	GlobalSection(ExtensibilityGlobals) = postSolution
		SolutionGuid = {15E1E0C8-AEAD-48AC-B33F-C0F69D81C9E5}
	EndGlobalSection
EndGlobal
